PODS:
  - Alamofire (5.4.4)
  - Moya (15.0.0):
    - Moya/Core (= 15.0.0)
  - Moya/Core (15.0.0):
    - Alamofire (~> 5.0)
  - SDWebImage (5.12.0):
    - SDWebImage/Core (= 5.12.0)
  - SDWebImage/Core (5.12.0)

DEPENDENCIES:
  - Moya
  - SDWebImage

SPEC REPOS:
  trunk:
    - Alamofire
    - Moya
    - SDWebImage

SPEC CHECKSUMS:
  Alamofire: f3b09a368f1582ab751b3fff5460276e0d2cf5c9
  Moya: 138f0573e53411fb3dc17016add0b748dfbd78ee
  SDWebImage: 4ea20cca2986adc5aacde07aa686742fd4c67a37

PODFILE CHECKSUM: 55d2377cc6d5af43cfc348a5229917d1f7dce388

COCOAPODS: 1.11.0
