// !$*UTF8*$!
{
	archiveVersion = 1;
	classes = {
	};
	objectVersion = 55;
	objects = {

/* Begin PBXBuildFile section */
		D0B01ECE27F95D3600E2837F /* AppDelegate.swift in Sources */ = {isa = PBXBuildFile; fileRef = D0B01ECD27F95D3600E2837F /* AppDelegate.swift */; };
		D0B01ED027F95D3600E2837F /* SceneDelegate.swift in Sources */ = {isa = PBXBuildFile; fileRef = D0B01ECF27F95D3600E2837F /* SceneDelegate.swift */; };
		D0B01ED227F95D3600E2837F /* ViewController.swift in Sources */ = {isa = PBXBuildFile; fileRef = D0B01ED127F95D3600E2837F /* ViewController.swift */; };
		D0B01ED527F95D3600E2837F /* Main.storyboard in Resources */ = {isa = PBXBuildFile; fileRef = D0B01ED327F95D3600E2837F /* Main.storyboard */; };
		D0B01ED727F95D3800E2837F /* Assets.xcassets in Resources */ = {isa = PBXBuildFile; fileRef = D0B01ED627F95D3800E2837F /* Assets.xcassets */; };
		D0B01EDA27F95D3800E2837F /* LaunchScreen.storyboard in Resources */ = {isa = PBXBuildFile; fileRef = D0B01ED827F95D3800E2837F /* LaunchScreen.storyboard */; };
		D0B01EE527F95D3800E2837F /* MindValleyTests.swift in Sources */ = {isa = PBXBuildFile; fileRef = D0B01EE427F95D3800E2837F /* MindValleyTests.swift */; };
		D0B01EEF27F95D3800E2837F /* MindValleyUITests.swift in Sources */ = {isa = PBXBuildFile; fileRef = D0B01EEE27F95D3800E2837F /* MindValleyUITests.swift */; };
		D0B01EF127F95D3800E2837F /* MindValleyUITestsLaunchTests.swift in Sources */ = {isa = PBXBuildFile; fileRef = D0B01EF027F95D3800E2837F /* MindValleyUITestsLaunchTests.swift */; };
/* End PBXBuildFile section */

/* Begin PBXContainerItemProxy section */
		D0B01EE127F95D3800E2837F /* PBXContainerItemProxy */ = {
			isa = PBXContainerItemProxy;
			containerPortal = D0B01EC227F95D3600E2837F /* Project object */;
			proxyType = 1;
			remoteGlobalIDString = D0B01EC927F95D3600E2837F;
			remoteInfo = MindValley;
		};
		D0B01EEB27F95D3800E2837F /* PBXContainerItemProxy */ = {
			isa = PBXContainerItemProxy;
			containerPortal = D0B01EC227F95D3600E2837F /* Project object */;
			proxyType = 1;
			remoteGlobalIDString = D0B01EC927F95D3600E2837F;
			remoteInfo = MindValley;
		};
/* End PBXContainerItemProxy section */

/* Begin PBXFileReference section */
		D0B01ECA27F95D3600E2837F /* MindValley.app */ = {isa = PBXFileReference; explicitFileType = wrapper.application; includeInIndex = 0; path = MindValley.app; sourceTree = BUILT_PRODUCTS_DIR; };
		D0B01ECD27F95D3600E2837F /* AppDelegate.swift */ = {isa = PBXFileReference; lastKnownFileType = sourcecode.swift; path = AppDelegate.swift; sourceTree = "<group>"; };
		D0B01ECF27F95D3600E2837F /* SceneDelegate.swift */ = {isa = PBXFileReference; lastKnownFileType = sourcecode.swift; path = SceneDelegate.swift; sourceTree = "<group>"; };
		D0B01ED127F95D3600E2837F /* ViewController.swift */ = {isa = PBXFileReference; lastKnownFileType = sourcecode.swift; path = ViewController.swift; sourceTree = "<group>"; };
		D0B01ED427F95D3600E2837F /* Base */ = {isa = PBXFileReference; lastKnownFileType = file.storyboard; name = Base; path = Base.lproj/Main.storyboard; sourceTree = "<group>"; };
		D0B01ED627F95D3800E2837F /* Assets.xcassets */ = {isa = PBXFileReference; lastKnownFileType = folder.assetcatalog; path = Assets.xcassets; sourceTree = "<group>"; };
		D0B01ED927F95D3800E2837F /* Base */ = {isa = PBXFileReference; lastKnownFileType = file.storyboard; name = Base; path = Base.lproj/LaunchScreen.storyboard; sourceTree = "<group>"; };
		D0B01EDB27F95D3800E2837F /* Info.plist */ = {isa = PBXFileReference; lastKnownFileType = text.plist.xml; path = Info.plist; sourceTree = "<group>"; };
		D0B01EE027F95D3800E2837F /* MindValleyTests.xctest */ = {isa = PBXFileReference; explicitFileType = wrapper.cfbundle; includeInIndex = 0; path = MindValleyTests.xctest; sourceTree = BUILT_PRODUCTS_DIR; };
		D0B01EE427F95D3800E2837F /* MindValleyTests.swift */ = {isa = PBXFileReference; lastKnownFileType = sourcecode.swift; path = MindValleyTests.swift; sourceTree = "<group>"; };
		D0B01EEA27F95D3800E2837F /* MindValleyUITests.xctest */ = {isa = PBXFileReference; explicitFileType = wrapper.cfbundle; includeInIndex = 0; path = MindValleyUITests.xctest; sourceTree = BUILT_PRODUCTS_DIR; };
		D0B01EEE27F95D3800E2837F /* MindValleyUITests.swift */ = {isa = PBXFileReference; lastKnownFileType = sourcecode.swift; path = MindValleyUITests.swift; sourceTree = "<group>"; };
		D0B01EF027F95D3800E2837F /* MindValleyUITestsLaunchTests.swift */ = {isa = PBXFileReference; lastKnownFileType = sourcecode.swift; path = MindValleyUITestsLaunchTests.swift; sourceTree = "<group>"; };
/* End PBXFileReference section */

/* Begin PBXFrameworksBuildPhase section */
		D0B01EC727F95D3600E2837F /* Frameworks */ = {
			isa = PBXFrameworksBuildPhase;
			buildActionMask = 2147483647;
			files = (
			);
			runOnlyForDeploymentPostprocessing = 0;
		};
		D0B01EDD27F95D3800E2837F /* Frameworks */ = {
			isa = PBXFrameworksBuildPhase;
			buildActionMask = 2147483647;
			files = (
			);
			runOnlyForDeploymentPostprocessing = 0;
		};
		D0B01EE727F95D3800E2837F /* Frameworks */ = {
			isa = PBXFrameworksBuildPhase;
			buildActionMask = 2147483647;
			files = (
			);
			runOnlyForDeploymentPostprocessing = 0;
		};
/* End PBXFrameworksBuildPhase section */

/* Begin PBXGroup section */
		D0B01EC127F95D3600E2837F = {
			isa = PBXGroup;
			children = (
				D0B01ECC27F95D3600E2837F /* MindValley */,
				D0B01EE327F95D3800E2837F /* MindValleyTests */,
				D0B01EED27F95D3800E2837F /* MindValleyUITests */,
				D0B01ECB27F95D3600E2837F /* Products */,
			);
			sourceTree = "<group>";
		};
		D0B01ECB27F95D3600E2837F /* Products */ = {
			isa = PBXGroup;
			children = (
				D0B01ECA27F95D3600E2837F /* MindValley.app */,
				D0B01EE027F95D3800E2837F /* MindValleyTests.xctest */,
				D0B01EEA27F95D3800E2837F /* MindValleyUITests.xctest */,
			);
			name = Products;
			sourceTree = "<group>";
		};
		D0B01ECC27F95D3600E2837F /* MindValley */ = {
			isa = PBXGroup;
			children = (
				D0B01ECD27F95D3600E2837F /* AppDelegate.swift */,
				D0B01ECF27F95D3600E2837F /* SceneDelegate.swift */,
				D0B01ED127F95D3600E2837F /* ViewController.swift */,
				D0B01ED327F95D3600E2837F /* Main.storyboard */,
				D0B01ED627F95D3800E2837F /* Assets.xcassets */,
				D0B01ED827F95D3800E2837F /* LaunchScreen.storyboard */,
				D0B01EDB27F95D3800E2837F /* Info.plist */,
			);
			path = MindValley;
			sourceTree = "<group>";
		};
		D0B01EE327F95D3800E2837F /* MindValleyTests */ = {
			isa = PBXGroup;
			children = (
				D0B01EE427F95D3800E2837F /* MindValleyTests.swift */,
			);
			path = MindValleyTests;
			sourceTree = "<group>";
		};
		D0B01EED27F95D3800E2837F /* MindValleyUITests */ = {
			isa = PBXGroup;
			children = (
				D0B01EEE27F95D3800E2837F /* MindValleyUITests.swift */,
				D0B01EF027F95D3800E2837F /* MindValleyUITestsLaunchTests.swift */,
			);
			path = MindValleyUITests;
			sourceTree = "<group>";
		};
/* End PBXGroup section */

/* Begin PBXNativeTarget section */
		D0B01EC927F95D3600E2837F /* MindValley */ = {
			isa = PBXNativeTarget;
			buildConfigurationList = D0B01EF427F95D3800E2837F /* Build configuration list for PBXNativeTarget "MindValley" */;
			buildPhases = (
				D0B01EC627F95D3600E2837F /* Sources */,
				D0B01EC727F95D3600E2837F /* Frameworks */,
				D0B01EC827F95D3600E2837F /* Resources */,
			);
			buildRules = (
			);
			dependencies = (
			);
			name = MindValley;
			productName = MindValley;
			productReference = D0B01ECA27F95D3600E2837F /* MindValley.app */;
			productType = "com.apple.product-type.application";
		};
		D0B01EDF27F95D3800E2837F /* MindValleyTests */ = {
			isa = PBXNativeTarget;
			buildConfigurationList = D0B01EF727F95D3800E2837F /* Build configuration list for PBXNativeTarget "MindValleyTests" */;
			buildPhases = (
				D0B01EDC27F95D3800E2837F /* Sources */,
				D0B01EDD27F95D3800E2837F /* Frameworks */,
				D0B01EDE27F95D3800E2837F /* Resources */,
			);
			buildRules = (
			);
			dependencies = (
				D0B01EE227F95D3800E2837F /* PBXTargetDependency */,
			);
			name = MindValleyTests;
			productName = MindValleyTests;
			productReference = D0B01EE027F95D3800E2837F /* MindValleyTests.xctest */;
			productType = "com.apple.product-type.bundle.unit-test";
		};
		D0B01EE927F95D3800E2837F /* MindValleyUITests */ = {
			isa = PBXNativeTarget;
			buildConfigurationList = D0B01EFA27F95D3800E2837F /* Build configuration list for PBXNativeTarget "MindValleyUITests" */;
			buildPhases = (
				D0B01EE627F95D3800E2837F /* Sources */,
				D0B01EE727F95D3800E2837F /* Frameworks */,
				D0B01EE827F95D3800E2837F /* Resources */,
			);
			buildRules = (
			);
			dependencies = (
				D0B01EEC27F95D3800E2837F /* PBXTargetDependency */,
			);
			name = MindValleyUITests;
			productName = MindValleyUITests;
			productReference = D0B01EEA27F95D3800E2837F /* MindValleyUITests.xctest */;
			productType = "com.apple.product-type.bundle.ui-testing";
		};
/* End PBXNativeTarget section */

/* Begin PBXProject section */
		D0B01EC227F95D3600E2837F /* Project object */ = {
			isa = PBXProject;
			attributes = {
				BuildIndependentTargetsInParallel = 1;
				LastSwiftUpdateCheck = 1310;
				LastUpgradeCheck = 1310;
				TargetAttributes = {
					D0B01EC927F95D3600E2837F = {
						CreatedOnToolsVersion = 13.1;
					};
					D0B01EDF27F95D3800E2837F = {
						CreatedOnToolsVersion = 13.1;
						TestTargetID = D0B01EC927F95D3600E2837F;
					};
					D0B01EE927F95D3800E2837F = {
						CreatedOnToolsVersion = 13.1;
						TestTargetID = D0B01EC927F95D3600E2837F;
					};
				};
			};
			buildConfigurationList = D0B01EC527F95D3600E2837F /* Build configuration list for PBXProject "MindValley" */;
			compatibilityVersion = "Xcode 13.0";
			developmentRegion = en;
			hasScannedForEncodings = 0;
			knownRegions = (
				en,
				Base,
			);
			mainGroup = D0B01EC127F95D3600E2837F;
			productRefGroup = D0B01ECB27F95D3600E2837F /* Products */;
			projectDirPath = "";
			projectRoot = "";
			targets = (
				D0B01EC927F95D3600E2837F /* MindValley */,
				D0B01EDF27F95D3800E2837F /* MindValleyTests */,
				D0B01EE927F95D3800E2837F /* MindValleyUITests */,
			);
		};
/* End PBXProject section */

/* Begin PBXResourcesBuildPhase section */
		D0B01EC827F95D3600E2837F /* Resources */ = {
			isa = PBXResourcesBuildPhase;
			buildActionMask = 2147483647;
			files = (
				D0B01EDA27F95D3800E2837F /* LaunchScreen.storyboard in Resources */,
				D0B01ED727F95D3800E2837F /* Assets.xcassets in Resources */,
				D0B01ED527F95D3600E2837F /* Main.storyboard in Resources */,
			);
			runOnlyForDeploymentPostprocessing = 0;
		};
		D0B01EDE27F95D3800E2837F /* Resources */ = {
			isa = PBXResourcesBuildPhase;
			buildActionMask = 2147483647;
			files = (
			);
			runOnlyForDeploymentPostprocessing = 0;
		};
		D0B01EE827F95D3800E2837F /* Resources */ = {
			isa = PBXResourcesBuildPhase;
			buildActionMask = 2147483647;
			files = (
			);
			runOnlyForDeploymentPostprocessing = 0;
		};
/* End PBXResourcesBuildPhase section */

/* Begin PBXSourcesBuildPhase section */
		D0B01EC627F95D3600E2837F /* Sources */ = {
			isa = PBXSourcesBuildPhase;
			buildActionMask = 2147483647;
			files = (
				D0B01ED227F95D3600E2837F /* ViewController.swift in Sources */,
				D0B01ECE27F95D3600E2837F /* AppDelegate.swift in Sources */,
				D0B01ED027F95D3600E2837F /* SceneDelegate.swift in Sources */,
			);
			runOnlyForDeploymentPostprocessing = 0;
		};
		D0B01EDC27F95D3800E2837F /* Sources */ = {
			isa = PBXSourcesBuildPhase;
			buildActionMask = 2147483647;
			files = (
				D0B01EE527F95D3800E2837F /* MindValleyTests.swift in Sources */,
			);
			runOnlyForDeploymentPostprocessing = 0;
		};
		D0B01EE627F95D3800E2837F /* Sources */ = {
			isa = PBXSourcesBuildPhase;
			buildActionMask = 2147483647;
			files = (
				D0B01EEF27F95D3800E2837F /* MindValleyUITests.swift in Sources */,
				D0B01EF127F95D3800E2837F /* MindValleyUITestsLaunchTests.swift in Sources */,
			);
			runOnlyForDeploymentPostprocessing = 0;
		};
/* End PBXSourcesBuildPhase section */

/* Begin PBXTargetDependency section */
		D0B01EE227F95D3800E2837F /* PBXTargetDependency */ = {
			isa = PBXTargetDependency;
			target = D0B01EC927F95D3600E2837F /* MindValley */;
			targetProxy = D0B01EE127F95D3800E2837F /* PBXContainerItemProxy */;
		};
		D0B01EEC27F95D3800E2837F /* PBXTargetDependency */ = {
			isa = PBXTargetDependency;
			target = D0B01EC927F95D3600E2837F /* MindValley */;
			targetProxy = D0B01EEB27F95D3800E2837F /* PBXContainerItemProxy */;
		};
/* End PBXTargetDependency section */

/* Begin PBXVariantGroup section */
		D0B01ED327F95D3600E2837F /* Main.storyboard */ = {
			isa = PBXVariantGroup;
			children = (
				D0B01ED427F95D3600E2837F /* Base */,
			);
			name = Main.storyboard;
			sourceTree = "<group>";
		};
		D0B01ED827F95D3800E2837F /* LaunchScreen.storyboard */ = {
			isa = PBXVariantGroup;
			children = (
				D0B01ED927F95D3800E2837F /* Base */,
			);
			name = LaunchScreen.storyboard;
			sourceTree = "<group>";
		};
/* End PBXVariantGroup section */

/* Begin XCBuildConfiguration section */
		D0B01EF227F95D3800E2837F /* Debug */ = {
			isa = XCBuildConfiguration;
			buildSettings = {
				ALWAYS_SEARCH_USER_PATHS = NO;
				CLANG_ANALYZER_NONNULL = YES;
				CLANG_ANALYZER_NUMBER_OBJECT_CONVERSION = YES_AGGRESSIVE;
				CLANG_CXX_LANGUAGE_STANDARD = "gnu++17";
				CLANG_CXX_LIBRARY = "libc++";
				CLANG_ENABLE_MODULES = YES;
				CLANG_ENABLE_OBJC_ARC = YES;
				CLANG_ENABLE_OBJC_WEAK = YES;
				CLANG_WARN_BLOCK_CAPTURE_AUTORELEASING = YES;
				CLANG_WARN_BOOL_CONVERSION = YES;
				CLANG_WARN_COMMA = YES;
				CLANG_WARN_CONSTANT_CONVERSION = YES;
				CLANG_WARN_DEPRECATED_OBJC_IMPLEMENTATIONS = YES;
				CLANG_WARN_DIRECT_OBJC_ISA_USAGE = YES_ERROR;
				CLANG_WARN_DOCUMENTATION_COMMENTS = YES;
				CLANG_WARN_EMPTY_BODY = YES;
				CLANG_WARN_ENUM_CONVERSION = YES;
				CLANG_WARN_INFINITE_RECURSION = YES;
				CLANG_WARN_INT_CONVERSION = YES;
				CLANG_WARN_NON_LITERAL_NULL_CONVERSION = YES;
				CLANG_WARN_OBJC_IMPLICIT_RETAIN_SELF = YES;
				CLANG_WARN_OBJC_LITERAL_CONVERSION = YES;
				CLANG_WARN_OBJC_ROOT_CLASS = YES_ERROR;
				CLANG_WARN_QUOTED_INCLUDE_IN_FRAMEWORK_HEADER = YES;
				CLANG_WARN_RANGE_LOOP_ANALYSIS = YES;
				CLANG_WARN_STRICT_PROTOTYPES = YES;
				CLANG_WARN_SUSPICIOUS_MOVE = YES;
				CLANG_WARN_UNGUARDED_AVAILABILITY = YES_AGGRESSIVE;
				CLANG_WARN_UNREACHABLE_CODE = YES;
				CLANG_WARN__DUPLICATE_METHOD_MATCH = YES;
				COPY_PHASE_STRIP = NO;
				DEBUG_INFORMATION_FORMAT = dwarf;
				ENABLE_STRICT_OBJC_MSGSEND = YES;
				ENABLE_TESTABILITY = YES;
				GCC_C_LANGUAGE_STANDARD = gnu11;
				GCC_DYNAMIC_NO_PIC = NO;
				GCC_NO_COMMON_BLOCKS = YES;
				GCC_OPTIMIZATION_LEVEL = 0;
				GCC_PREPROCESSOR_DEFINITIONS = (
					"DEBUG=1",
					"$(inherited)",
				);
				GCC_WARN_64_TO_32_BIT_CONVERSION = YES;
				GCC_WARN_ABOUT_RETURN_TYPE = YES_ERROR;
				GCC_WARN_UNDECLARED_SELECTOR = YES;
				GCC_WARN_UNINITIALIZED_AUTOS = YES_AGGRESSIVE;
				GCC_WARN_UNUSED_FUNCTION = YES;
				GCC_WARN_UNUSED_VARIABLE = YES;
				IPHONEOS_DEPLOYMENT_TARGET = 15.0;
				MTL_ENABLE_DEBUG_INFO = INCLUDE_SOURCE;
				MTL_FAST_MATH = YES;
				ONLY_ACTIVE_ARCH = YES;
				SDKROOT = iphoneos;
				SWIFT_ACTIVE_COMPILATION_CONDITIONS = DEBUG;
				SWIFT_OPTIMIZATION_LEVEL = "-Onone";
			};
			name = Debug;
		};
		D0B01EF327F95D3800E2837F /* Release */ = {
			isa = XCBuildConfiguration;
			buildSettings = {
				ALWAYS_SEARCH_USER_PATHS = NO;
				CLANG_ANALYZER_NONNULL = YES;
				CLANG_ANALYZER_NUMBER_OBJECT_CONVERSION = YES_AGGRESSIVE;
				CLANG_CXX_LANGUAGE_STANDARD = "gnu++17";
				CLANG_CXX_LIBRARY = "libc++";
				CLANG_ENABLE_MODULES = YES;
				CLANG_ENABLE_OBJC_ARC = YES;
				CLANG_ENABLE_OBJC_WEAK = YES;
				CLANG_WARN_BLOCK_CAPTURE_AUTORELEASING = YES;
				CLANG_WARN_BOOL_CONVERSION = YES;
				CLANG_WARN_COMMA = YES;
				CLANG_WARN_CONSTANT_CONVERSION = YES;
				CLANG_WARN_DEPRECATED_OBJC_IMPLEMENTATIONS = YES;
				CLANG_WARN_DIRECT_OBJC_ISA_USAGE = YES_ERROR;
				CLANG_WARN_DOCUMENTATION_COMMENTS = YES;
				CLANG_WARN_EMPTY_BODY = YES;
				CLANG_WARN_ENUM_CONVERSION = YES;
				CLANG_WARN_INFINITE_RECURSION = YES;
				CLANG_WARN_INT_CONVERSION = YES;
				CLANG_WARN_NON_LITERAL_NULL_CONVERSION = YES;
				CLANG_WARN_OBJC_IMPLICIT_RETAIN_SELF = YES;
				CLANG_WARN_OBJC_LITERAL_CONVERSION = YES;
				CLANG_WARN_OBJC_ROOT_CLASS = YES_ERROR;
				CLANG_WARN_QUOTED_INCLUDE_IN_FRAMEWORK_HEADER = YES;
				CLANG_WARN_RANGE_LOOP_ANALYSIS = YES;
				CLANG_WARN_STRICT_PROTOTYPES = YES;
				CLANG_WARN_SUSPICIOUS_MOVE = YES;
				CLANG_WARN_UNGUARDED_AVAILABILITY = YES_AGGRESSIVE;
				CLANG_WARN_UNREACHABLE_CODE = YES;
				CLANG_WARN__DUPLICATE_METHOD_MATCH = YES;
				COPY_PHASE_STRIP = NO;
				DEBUG_INFORMATION_FORMAT = "dwarf-with-dsym";
				ENABLE_NS_ASSERTIONS = NO;
				ENABLE_STRICT_OBJC_MSGSEND = YES;
				GCC_C_LANGUAGE_STANDARD = gnu11;
				GCC_NO_COMMON_BLOCKS = YES;
				GCC_WARN_64_TO_32_BIT_CONVERSION = YES;
				GCC_WARN_ABOUT_RETURN_TYPE = YES_ERROR;
				GCC_WARN_UNDECLARED_SELECTOR = YES;
				GCC_WARN_UNINITIALIZED_AUTOS = YES_AGGRESSIVE;
				GCC_WARN_UNUSED_FUNCTION = YES;
				GCC_WARN_UNUSED_VARIABLE = YES;
				IPHONEOS_DEPLOYMENT_TARGET = 15.0;
				MTL_ENABLE_DEBUG_INFO = NO;
				MTL_FAST_MATH = YES;
				SDKROOT = iphoneos;
				SWIFT_COMPILATION_MODE = wholemodule;
				SWIFT_OPTIMIZATION_LEVEL = "-O";
				VALIDATE_PRODUCT = YES;
			};
			name = Release;
		};
		D0B01EF527F95D3800E2837F /* Debug */ = {
			isa = XCBuildConfiguration;
			buildSettings = {
				ASSETCATALOG_COMPILER_APPICON_NAME = AppIcon;
				ASSETCATALOG_COMPILER_GLOBAL_ACCENT_COLOR_NAME = AccentColor;
				CODE_SIGN_STYLE = Automatic;
				CURRENT_PROJECT_VERSION = 1;
				DEVELOPMENT_TEAM = RHBB3377R2;
				GENERATE_INFOPLIST_FILE = YES;
				INFOPLIST_FILE = MindValley/Info.plist;
				INFOPLIST_KEY_UIApplicationSupportsIndirectInputEvents = YES;
				INFOPLIST_KEY_UILaunchStoryboardName = LaunchScreen;
				INFOPLIST_KEY_UIMainStoryboardFile = Main;
				INFOPLIST_KEY_UISupportedInterfaceOrientations_iPad = "UIInterfaceOrientationPortrait UIInterfaceOrientationPortraitUpsideDown UIInterfaceOrientationLandscapeLeft UIInterfaceOrientationLandscapeRight";
				INFOPLIST_KEY_UISupportedInterfaceOrientations_iPhone = "UIInterfaceOrientationPortrait UIInterfaceOrientationLandscapeLeft UIInterfaceOrientationLandscapeRight";
				LD_RUNPATH_SEARCH_PATHS = (
					"$(inherited)",
					"@executable_path/Frameworks",
				);
				MARKETING_VERSION = 1.0;
				PRODUCT_BUNDLE_IDENTIFIER = mina.MindValley;
				PRODUCT_NAME = "$(TARGET_NAME)";
				SWIFT_EMIT_LOC_STRINGS = YES;
				SWIFT_VERSION = 5.0;
				TARGETED_DEVICE_FAMILY = "1,2";
			};
			name = Debug;
		};
		D0B01EF627F95D3800E2837F /* Release */ = {
			isa = XCBuildConfiguration;
			buildSettings = {
				ASSETCATALOG_COMPILER_APPICON_NAME = AppIcon;
				ASSETCATALOG_COMPILER_GLOBAL_ACCENT_COLOR_NAME = AccentColor;
				CODE_SIGN_STYLE = Automatic;
				CURRENT_PROJECT_VERSION = 1;
				DEVELOPMENT_TEAM = RHBB3377R2;
				GENERATE_INFOPLIST_FILE = YES;
				INFOPLIST_FILE = MindValley/Info.plist;
				INFOPLIST_KEY_UIApplicationSupportsIndirectInputEvents = YES;
				INFOPLIST_KEY_UILaunchStoryboardName = LaunchScreen;
				INFOPLIST_KEY_UIMainStoryboardFile = Main;
				INFOPLIST_KEY_UISupportedInterfaceOrientations_iPad = "UIInterfaceOrientationPortrait UIInterfaceOrientationPortraitUpsideDown UIInterfaceOrientationLandscapeLeft UIInterfaceOrientationLandscapeRight";
				INFOPLIST_KEY_UISupportedInterfaceOrientations_iPhone = "UIInterfaceOrientationPortrait UIInterfaceOrientationLandscapeLeft UIInterfaceOrientationLandscapeRight";
				LD_RUNPATH_SEARCH_PATHS = (
					"$(inherited)",
					"@executable_path/Frameworks",
				);
				MARKETING_VERSION = 1.0;
				PRODUCT_BUNDLE_IDENTIFIER = mina.MindValley;
				PRODUCT_NAME = "$(TARGET_NAME)";
				SWIFT_EMIT_LOC_STRINGS = YES;
				SWIFT_VERSION = 5.0;
				TARGETED_DEVICE_FAMILY = "1,2";
			};
			name = Release;
		};
		D0B01EF827F95D3800E2837F /* Debug */ = {
			isa = XCBuildConfiguration;
			buildSettings = {
				ALWAYS_EMBED_SWIFT_STANDARD_LIBRARIES = YES;
				BUNDLE_LOADER = "$(TEST_HOST)";
				CODE_SIGN_STYLE = Automatic;
				CURRENT_PROJECT_VERSION = 1;
				DEVELOPMENT_TEAM = RHBB3377R2;
				GENERATE_INFOPLIST_FILE = YES;
				IPHONEOS_DEPLOYMENT_TARGET = 15.0;
				LD_RUNPATH_SEARCH_PATHS = (
					"$(inherited)",
					"@executable_path/Frameworks",
					"@loader_path/Frameworks",
				);
				MARKETING_VERSION = 1.0;
				PRODUCT_BUNDLE_IDENTIFIER = mina.MindValleyTests;
				PRODUCT_NAME = "$(TARGET_NAME)";
				SWIFT_EMIT_LOC_STRINGS = NO;
				SWIFT_VERSION = 5.0;
				TARGETED_DEVICE_FAMILY = "1,2";
				TEST_HOST = "$(BUILT_PRODUCTS_DIR)/MindValley.app/MindValley";
			};
			name = Debug;
		};
		D0B01EF927F95D3800E2837F /* Release */ = {
			isa = XCBuildConfiguration;
			buildSettings = {
				ALWAYS_EMBED_SWIFT_STANDARD_LIBRARIES = YES;
				BUNDLE_LOADER = "$(TEST_HOST)";
				CODE_SIGN_STYLE = Automatic;
				CURRENT_PROJECT_VERSION = 1;
				DEVELOPMENT_TEAM = RHBB3377R2;
				GENERATE_INFOPLIST_FILE = YES;
				IPHONEOS_DEPLOYMENT_TARGET = 15.0;
				LD_RUNPATH_SEARCH_PATHS = (
					"$(inherited)",
					"@executable_path/Frameworks",
					"@loader_path/Frameworks",
				);
				MARKETING_VERSION = 1.0;
				PRODUCT_BUNDLE_IDENTIFIER = mina.MindValleyTests;
				PRODUCT_NAME = "$(TARGET_NAME)";
				SWIFT_EMIT_LOC_STRINGS = NO;
				SWIFT_VERSION = 5.0;
				TARGETED_DEVICE_FAMILY = "1,2";
				TEST_HOST = "$(BUILT_PRODUCTS_DIR)/MindValley.app/MindValley";
			};
			name = Release;
		};
		D0B01EFB27F95D3800E2837F /* Debug */ = {
			isa = XCBuildConfiguration;
			buildSettings = {
				ALWAYS_EMBED_SWIFT_STANDARD_LIBRARIES = YES;
				CODE_SIGN_STYLE = Automatic;
				CURRENT_PROJECT_VERSION = 1;
				DEVELOPMENT_TEAM = RHBB3377R2;
				GENERATE_INFOPLIST_FILE = YES;
				LD_RUNPATH_SEARCH_PATHS = (
					"$(inherited)",
					"@executable_path/Frameworks",
					"@loader_path/Frameworks",
				);
				MARKETING_VERSION = 1.0;
				PRODUCT_BUNDLE_IDENTIFIER = mina.MindValleyUITests;
				PRODUCT_NAME = "$(TARGET_NAME)";
				SWIFT_EMIT_LOC_STRINGS = NO;
				SWIFT_VERSION = 5.0;
				TARGETED_DEVICE_FAMILY = "1,2";
				TEST_TARGET_NAME = MindValley;
			};
			name = Debug;
		};
		D0B01EFC27F95D3800E2837F /* Release */ = {
			isa = XCBuildConfiguration;
			buildSettings = {
				ALWAYS_EMBED_SWIFT_STANDARD_LIBRARIES = YES;
				CODE_SIGN_STYLE = Automatic;
				CURRENT_PROJECT_VERSION = 1;
				DEVELOPMENT_TEAM = RHBB3377R2;
				GENERATE_INFOPLIST_FILE = YES;
				LD_RUNPATH_SEARCH_PATHS = (
					"$(inherited)",
					"@executable_path/Frameworks",
					"@loader_path/Frameworks",
				);
				MARKETING_VERSION = 1.0;
				PRODUCT_BUNDLE_IDENTIFIER = mina.MindValleyUITests;
				PRODUCT_NAME = "$(TARGET_NAME)";
				SWIFT_EMIT_LOC_STRINGS = NO;
				SWIFT_VERSION = 5.0;
				TARGETED_DEVICE_FAMILY = "1,2";
				TEST_TARGET_NAME = MindValley;
			};
			name = Release;
		};
/* End XCBuildConfiguration section */

/* Begin XCConfigurationList section */
		D0B01EC527F95D3600E2837F /* Build configuration list for PBXProject "MindValley" */ = {
			isa = XCConfigurationList;
			buildConfigurations = (
				D0B01EF227F95D3800E2837F /* Debug */,
				D0B01EF327F95D3800E2837F /* Release */,
			);
			defaultConfigurationIsVisible = 0;
			defaultConfigurationName = Release;
		};
		D0B01EF427F95D3800E2837F /* Build configuration list for PBXNativeTarget "MindValley" */ = {
			isa = XCConfigurationList;
			buildConfigurations = (
				D0B01EF527F95D3800E2837F /* Debug */,
				D0B01EF627F95D3800E2837F /* Release */,
			);
			defaultConfigurationIsVisible = 0;
			defaultConfigurationName = Release;
		};
		D0B01EF727F95D3800E2837F /* Build configuration list for PBXNativeTarget "MindValleyTests" */ = {
			isa = XCConfigurationList;
			buildConfigurations = (
				D0B01EF827F95D3800E2837F /* Debug */,
				D0B01EF927F95D3800E2837F /* Release */,
			);
			defaultConfigurationIsVisible = 0;
			defaultConfigurationName = Release;
		};
		D0B01EFA27F95D3800E2837F /* Build configuration list for PBXNativeTarget "MindValleyUITests" */ = {
			isa = XCConfigurationList;
			buildConfigurations = (
				D0B01EFB27F95D3800E2837F /* Debug */,
				D0B01EFC27F95D3800E2837F /* Release */,
			);
			defaultConfigurationIsVisible = 0;
			defaultConfigurationName = Release;
		};
/* End XCConfigurationList section */
	};
	rootObject = D0B01EC227F95D3600E2837F /* Project object */;
}
