// !$*UTF8*$!
{
	archiveVersion = 1;
	classes = {
	};
	objectVersion = 55;
	objects = {

/* Begin PBXBuildFile section */
		4891AF1E8BFC5ABD45910797 /* Pods_MindValley.framework in Frameworks */ = {isa = PBXBuildFile; fileRef = CCF83675F1ED64272F1DF166 /* Pods_MindValley.framework */; };
		D0216DBC27F9AD0A00072478 /* CourseCollectionCellDataSource.swift in Sources */ = {isa = PBXBuildFile; fileRef = D0216DBB27F9AD0A00072478 /* CourseCollectionCellDataSource.swift */; };
		D03E930927FA7E0F00FDE588 /* ApiManager.swift in Sources */ = {isa = PBXBuildFile; fileRef = D03E930827FA7E0F00FDE588 /* ApiManager.swift */; };
		D03E930B27FA86A500FDE588 /* ApiTarget.swift in Sources */ = {isa = PBXBuildFile; fileRef = D03E930A27FA86A500FDE588 /* ApiTarget.swift */; };
		D03E930D27FA88BC00FDE588 /* EpisodesResponse.swift in Sources */ = {isa = PBXBuildFile; fileRef = D03E930C27FA88BC00FDE588 /* EpisodesResponse.swift */; };
		D03E931127FAA3E700FDE588 /* CategoriesResponse.swift in Sources */ = {isa = PBXBuildFile; fileRef = D03E931027FAA3E700FDE588 /* CategoriesResponse.swift */; };
		D084C20827F98730007A0E77 /* CircularImageView.swift in Sources */ = {isa = PBXBuildFile; fileRef = D084C20727F98730007A0E77 /* CircularImageView.swift */; };
		D084C20C27F9A5C7007A0E77 /* CoursesCollectionViewCell.swift in Sources */ = {isa = PBXBuildFile; fileRef = D084C20A27F9A5C7007A0E77 /* CoursesCollectionViewCell.swift */; };
		D084C20D27F9A5C8007A0E77 /* CoursesCollectionViewCell.xib in Resources */ = {isa = PBXBuildFile; fileRef = D084C20B27F9A5C7007A0E77 /* CoursesCollectionViewCell.xib */; };
		D0AEF5A627FA17BC002978FE /* CategoryCollectionViewCell.swift in Sources */ = {isa = PBXBuildFile; fileRef = D0AEF5A427FA17BC002978FE /* CategoryCollectionViewCell.swift */; };
		D0AEF5A727FA17BC002978FE /* CategoryCollectionViewCell.xib in Resources */ = {isa = PBXBuildFile; fileRef = D0AEF5A527FA17BC002978FE /* CategoryCollectionViewCell.xib */; };
		D0AEF5A927FA1B26002978FE /* CategoryCollectionDataSource.swift in Sources */ = {isa = PBXBuildFile; fileRef = D0AEF5A827FA1B26002978FE /* CategoryCollectionDataSource.swift */; };
		D0B01ECE27F95D3600E2837F /* AppDelegate.swift in Sources */ = {isa = PBXBuildFile; fileRef = D0B01ECD27F95D3600E2837F /* AppDelegate.swift */; };
		D0B01ED027F95D3600E2837F /* SceneDelegate.swift in Sources */ = {isa = PBXBuildFile; fileRef = D0B01ECF27F95D3600E2837F /* SceneDelegate.swift */; };
		D0B01ED227F95D3600E2837F /* ChannelsViewController.swift in Sources */ = {isa = PBXBuildFile; fileRef = D0B01ED127F95D3600E2837F /* ChannelsViewController.swift */; };
		D0B01ED527F95D3600E2837F /* Main.storyboard in Resources */ = {isa = PBXBuildFile; fileRef = D0B01ED327F95D3600E2837F /* Main.storyboard */; };
		D0B01ED727F95D3800E2837F /* Assets.xcassets in Resources */ = {isa = PBXBuildFile; fileRef = D0B01ED627F95D3800E2837F /* Assets.xcassets */; };
		D0B01EDA27F95D3800E2837F /* LaunchScreen.storyboard in Resources */ = {isa = PBXBuildFile; fileRef = D0B01ED827F95D3800E2837F /* LaunchScreen.storyboard */; };
		D0B01EE527F95D3800E2837F /* MindValleyTests.swift in Sources */ = {isa = PBXBuildFile; fileRef = D0B01EE427F95D3800E2837F /* MindValleyTests.swift */; };
		D0B01EEF27F95D3800E2837F /* MindValleyUITests.swift in Sources */ = {isa = PBXBuildFile; fileRef = D0B01EEE27F95D3800E2837F /* MindValleyUITests.swift */; };
		D0B01EF127F95D3800E2837F /* MindValleyUITestsLaunchTests.swift in Sources */ = {isa = PBXBuildFile; fileRef = D0B01EF027F95D3800E2837F /* MindValleyUITestsLaunchTests.swift */; };
		D0B01F0827F9605400E2837F /* ChannelsProtocols.swift in Sources */ = {isa = PBXBuildFile; fileRef = D0B01F0727F9605400E2837F /* ChannelsProtocols.swift */; };
		D0B01F0A27F960EA00E2837F /* ChannelsPresenter.swift in Sources */ = {isa = PBXBuildFile; fileRef = D0B01F0927F960EA00E2837F /* ChannelsPresenter.swift */; };
		D0B01F0C27F9613900E2837F /* ChannelsInteractor.swift in Sources */ = {isa = PBXBuildFile; fileRef = D0B01F0B27F9613900E2837F /* ChannelsInteractor.swift */; };
		D0B01F0E27F9616400E2837F /* ChannelsRouter.swift in Sources */ = {isa = PBXBuildFile; fileRef = D0B01F0D27F9616400E2837F /* ChannelsRouter.swift */; };
		D0B01F1127F9623E00E2837F /* BasePresenter.swift in Sources */ = {isa = PBXBuildFile; fileRef = D0B01F1027F9623E00E2837F /* BasePresenter.swift */; };
		D0B01F1527F962F300E2837F /* BaseViewController.swift in Sources */ = {isa = PBXBuildFile; fileRef = D0B01F1427F962F300E2837F /* BaseViewController.swift */; };
		D0B01F1727F963A900E2837F /* ChannelsBuilder.swift in Sources */ = {isa = PBXBuildFile; fileRef = D0B01F1627F963A900E2837F /* ChannelsBuilder.swift */; };
		D0B01F1A27F9690400E2837F /* Roboto-Black.ttf in Resources */ = {isa = PBXBuildFile; fileRef = D0B01F1927F9690400E2837F /* Roboto-Black.ttf */; };
		D0F6A30E27F96BAF0033DD71 /* ChannelTableViewCell.swift in Sources */ = {isa = PBXBuildFile; fileRef = D0F6A30C27F96BAF0033DD71 /* ChannelTableViewCell.swift */; };
		D0F6A30F27F96BAF0033DD71 /* ChannelTableViewCell.xib in Resources */ = {isa = PBXBuildFile; fileRef = D0F6A30D27F96BAF0033DD71 /* ChannelTableViewCell.xib */; };
		D0F6A31227F979710033DD71 /* ChannelTableViewCellDataSource.swift in Sources */ = {isa = PBXBuildFile; fileRef = D0F6A31127F979710033DD71 /* ChannelTableViewCellDataSource.swift */; };
		D0F6A31527F984AD0033DD71 /* UIView+Extensions.swift in Sources */ = {isa = PBXBuildFile; fileRef = D0F6A31427F984AD0033DD71 /* UIView+Extensions.swift */; };
/* End PBXBuildFile section */

/* Begin PBXContainerItemProxy section */
		D0B01EE127F95D3800E2837F /* PBXContainerItemProxy */ = {
			isa = PBXContainerItemProxy;
			containerPortal = D0B01EC227F95D3600E2837F /* Project object */;
			proxyType = 1;
			remoteGlobalIDString = D0B01EC927F95D3600E2837F;
			remoteInfo = MindValley;
		};
		D0B01EEB27F95D3800E2837F /* PBXContainerItemProxy */ = {
			isa = PBXContainerItemProxy;
			containerPortal = D0B01EC227F95D3600E2837F /* Project object */;
			proxyType = 1;
			remoteGlobalIDString = D0B01EC927F95D3600E2837F;
			remoteInfo = MindValley;
		};
/* End PBXContainerItemProxy section */

/* Begin PBXFileReference section */
		7A020EDC8BD24DAFAAEB8FD1 /* Pods-MindValley.debug.xcconfig */ = {isa = PBXFileReference; includeInIndex = 1; lastKnownFileType = text.xcconfig; name = "Pods-MindValley.debug.xcconfig"; path = "Target Support Files/Pods-MindValley/Pods-MindValley.debug.xcconfig"; sourceTree = "<group>"; };
		81A1400BB10FE332879E4D1F /* Pods-MindValley.release.xcconfig */ = {isa = PBXFileReference; includeInIndex = 1; lastKnownFileType = text.xcconfig; name = "Pods-MindValley.release.xcconfig"; path = "Target Support Files/Pods-MindValley/Pods-MindValley.release.xcconfig"; sourceTree = "<group>"; };
		CCF83675F1ED64272F1DF166 /* Pods_MindValley.framework */ = {isa = PBXFileReference; explicitFileType = wrapper.framework; includeInIndex = 0; path = Pods_MindValley.framework; sourceTree = BUILT_PRODUCTS_DIR; };
		D0216DBB27F9AD0A00072478 /* CourseCollectionCellDataSource.swift */ = {isa = PBXFileReference; fileEncoding = 4; lastKnownFileType = sourcecode.swift; path = CourseCollectionCellDataSource.swift; sourceTree = "<group>"; };
		D03E930827FA7E0F00FDE588 /* ApiManager.swift */ = {isa = PBXFileReference; lastKnownFileType = sourcecode.swift; path = ApiManager.swift; sourceTree = "<group>"; };
		D03E930A27FA86A500FDE588 /* ApiTarget.swift */ = {isa = PBXFileReference; lastKnownFileType = sourcecode.swift; path = ApiTarget.swift; sourceTree = "<group>"; };
		D03E930C27FA88BC00FDE588 /* EpisodesResponse.swift */ = {isa = PBXFileReference; lastKnownFileType = sourcecode.swift; path = EpisodesResponse.swift; sourceTree = "<group>"; };
		D03E931027FAA3E700FDE588 /* CategoriesResponse.swift */ = {isa = PBXFileReference; lastKnownFileType = sourcecode.swift; path = CategoriesResponse.swift; sourceTree = "<group>"; };
		D084C20727F98730007A0E77 /* CircularImageView.swift */ = {isa = PBXFileReference; lastKnownFileType = sourcecode.swift; path = CircularImageView.swift; sourceTree = "<group>"; };
		D084C20A27F9A5C7007A0E77 /* CoursesCollectionViewCell.swift */ = {isa = PBXFileReference; lastKnownFileType = sourcecode.swift; path = CoursesCollectionViewCell.swift; sourceTree = "<group>"; };
		D084C20B27F9A5C7007A0E77 /* CoursesCollectionViewCell.xib */ = {isa = PBXFileReference; lastKnownFileType = file.xib; path = CoursesCollectionViewCell.xib; sourceTree = "<group>"; };
		D0AEF5A427FA17BC002978FE /* CategoryCollectionViewCell.swift */ = {isa = PBXFileReference; lastKnownFileType = sourcecode.swift; path = CategoryCollectionViewCell.swift; sourceTree = "<group>"; };
		D0AEF5A527FA17BC002978FE /* CategoryCollectionViewCell.xib */ = {isa = PBXFileReference; lastKnownFileType = file.xib; path = CategoryCollectionViewCell.xib; sourceTree = "<group>"; };
		D0AEF5A827FA1B26002978FE /* CategoryCollectionDataSource.swift */ = {isa = PBXFileReference; lastKnownFileType = sourcecode.swift; path = CategoryCollectionDataSource.swift; sourceTree = "<group>"; };
		D0B01ECA27F95D3600E2837F /* MindValley.app */ = {isa = PBXFileReference; explicitFileType = wrapper.application; includeInIndex = 0; path = MindValley.app; sourceTree = BUILT_PRODUCTS_DIR; };
		D0B01ECD27F95D3600E2837F /* AppDelegate.swift */ = {isa = PBXFileReference; lastKnownFileType = sourcecode.swift; path = AppDelegate.swift; sourceTree = "<group>"; };
		D0B01ECF27F95D3600E2837F /* SceneDelegate.swift */ = {isa = PBXFileReference; lastKnownFileType = sourcecode.swift; path = SceneDelegate.swift; sourceTree = "<group>"; };
		D0B01ED127F95D3600E2837F /* ChannelsViewController.swift */ = {isa = PBXFileReference; lastKnownFileType = sourcecode.swift; path = ChannelsViewController.swift; sourceTree = "<group>"; };
		D0B01ED427F95D3600E2837F /* Base */ = {isa = PBXFileReference; lastKnownFileType = file.storyboard; name = Base; path = Base.lproj/Main.storyboard; sourceTree = "<group>"; };
		D0B01ED627F95D3800E2837F /* Assets.xcassets */ = {isa = PBXFileReference; lastKnownFileType = folder.assetcatalog; path = Assets.xcassets; sourceTree = "<group>"; };
		D0B01ED927F95D3800E2837F /* Base */ = {isa = PBXFileReference; lastKnownFileType = file.storyboard; name = Base; path = Base.lproj/LaunchScreen.storyboard; sourceTree = "<group>"; };
		D0B01EDB27F95D3800E2837F /* Info.plist */ = {isa = PBXFileReference; lastKnownFileType = text.plist.xml; path = Info.plist; sourceTree = "<group>"; };
		D0B01EE027F95D3800E2837F /* MindValleyTests.xctest */ = {isa = PBXFileReference; explicitFileType = wrapper.cfbundle; includeInIndex = 0; path = MindValleyTests.xctest; sourceTree = BUILT_PRODUCTS_DIR; };
		D0B01EE427F95D3800E2837F /* MindValleyTests.swift */ = {isa = PBXFileReference; lastKnownFileType = sourcecode.swift; path = MindValleyTests.swift; sourceTree = "<group>"; };
		D0B01EEA27F95D3800E2837F /* MindValleyUITests.xctest */ = {isa = PBXFileReference; explicitFileType = wrapper.cfbundle; includeInIndex = 0; path = MindValleyUITests.xctest; sourceTree = BUILT_PRODUCTS_DIR; };
		D0B01EEE27F95D3800E2837F /* MindValleyUITests.swift */ = {isa = PBXFileReference; lastKnownFileType = sourcecode.swift; path = MindValleyUITests.swift; sourceTree = "<group>"; };
		D0B01EF027F95D3800E2837F /* MindValleyUITestsLaunchTests.swift */ = {isa = PBXFileReference; lastKnownFileType = sourcecode.swift; path = MindValleyUITestsLaunchTests.swift; sourceTree = "<group>"; };
		D0B01F0727F9605400E2837F /* ChannelsProtocols.swift */ = {isa = PBXFileReference; lastKnownFileType = sourcecode.swift; path = ChannelsProtocols.swift; sourceTree = "<group>"; };
		D0B01F0927F960EA00E2837F /* ChannelsPresenter.swift */ = {isa = PBXFileReference; lastKnownFileType = sourcecode.swift; path = ChannelsPresenter.swift; sourceTree = "<group>"; };
		D0B01F0B27F9613900E2837F /* ChannelsInteractor.swift */ = {isa = PBXFileReference; lastKnownFileType = sourcecode.swift; path = ChannelsInteractor.swift; sourceTree = "<group>"; };
		D0B01F0D27F9616400E2837F /* ChannelsRouter.swift */ = {isa = PBXFileReference; lastKnownFileType = sourcecode.swift; path = ChannelsRouter.swift; sourceTree = "<group>"; };
		D0B01F1027F9623E00E2837F /* BasePresenter.swift */ = {isa = PBXFileReference; lastKnownFileType = sourcecode.swift; path = BasePresenter.swift; sourceTree = "<group>"; };
		D0B01F1427F962F300E2837F /* BaseViewController.swift */ = {isa = PBXFileReference; lastKnownFileType = sourcecode.swift; path = BaseViewController.swift; sourceTree = "<group>"; };
		D0B01F1627F963A900E2837F /* ChannelsBuilder.swift */ = {isa = PBXFileReference; lastKnownFileType = sourcecode.swift; path = ChannelsBuilder.swift; sourceTree = "<group>"; };
		D0B01F1927F9690400E2837F /* Roboto-Black.ttf */ = {isa = PBXFileReference; lastKnownFileType = file; path = "Roboto-Black.ttf"; sourceTree = "<group>"; };
		D0F6A30C27F96BAF0033DD71 /* ChannelTableViewCell.swift */ = {isa = PBXFileReference; lastKnownFileType = sourcecode.swift; path = ChannelTableViewCell.swift; sourceTree = "<group>"; };
		D0F6A30D27F96BAF0033DD71 /* ChannelTableViewCell.xib */ = {isa = PBXFileReference; lastKnownFileType = file.xib; path = ChannelTableViewCell.xib; sourceTree = "<group>"; };
		D0F6A31127F979710033DD71 /* ChannelTableViewCellDataSource.swift */ = {isa = PBXFileReference; lastKnownFileType = sourcecode.swift; path = ChannelTableViewCellDataSource.swift; sourceTree = "<group>"; };
		D0F6A31427F984AD0033DD71 /* UIView+Extensions.swift */ = {isa = PBXFileReference; lastKnownFileType = sourcecode.swift; path = "UIView+Extensions.swift"; sourceTree = "<group>"; };
/* End PBXFileReference section */

/* Begin PBXFrameworksBuildPhase section */
		D0B01EC727F95D3600E2837F /* Frameworks */ = {
			isa = PBXFrameworksBuildPhase;
			buildActionMask = 2147483647;
			files = (
				4891AF1E8BFC5ABD45910797 /* Pods_MindValley.framework in Frameworks */,
			);
			runOnlyForDeploymentPostprocessing = 0;
		};
		D0B01EDD27F95D3800E2837F /* Frameworks */ = {
			isa = PBXFrameworksBuildPhase;
			buildActionMask = 2147483647;
			files = (
			);
			runOnlyForDeploymentPostprocessing = 0;
		};
		D0B01EE727F95D3800E2837F /* Frameworks */ = {
			isa = PBXFrameworksBuildPhase;
			buildActionMask = 2147483647;
			files = (
			);
			runOnlyForDeploymentPostprocessing = 0;
		};
/* End PBXFrameworksBuildPhase section */

/* Begin PBXGroup section */
		B6955DA90EFF91932E460C86 /* Frameworks */ = {
			isa = PBXGroup;
			children = (
				CCF83675F1ED64272F1DF166 /* Pods_MindValley.framework */,
			);
			name = Frameworks;
			sourceTree = "<group>";
		};
		D03E930727FA7DF100FDE588 /* Network */ = {
			isa = PBXGroup;
			children = (
				D03E930827FA7E0F00FDE588 /* ApiManager.swift */,
				D03E930A27FA86A500FDE588 /* ApiTarget.swift */,
			);
			path = Network;
			sourceTree = "<group>";
		};
		D084C20627F98723007A0E77 /* Helpers */ = {
			isa = PBXGroup;
			children = (
				D084C20727F98730007A0E77 /* CircularImageView.swift */,
			);
			path = Helpers;
			sourceTree = "<group>";
		};
		D084C20927F9A5AF007A0E77 /* CourseCollectionViewCell */ = {
			isa = PBXGroup;
			children = (
				D084C20A27F9A5C7007A0E77 /* CoursesCollectionViewCell.swift */,
				D084C20B27F9A5C7007A0E77 /* CoursesCollectionViewCell.xib */,
			);
			path = CourseCollectionViewCell;
			sourceTree = "<group>";
		};
		D084C20E27F9AA98007A0E77 /* Cells */ = {
			isa = PBXGroup;
			children = (
				D084C21027F9AAA4007A0E77 /* CollectionCells */,
				D084C20F27F9AA9E007A0E77 /* TableCells */,
			);
			path = Cells;
			sourceTree = "<group>";
		};
		D084C20F27F9AA9E007A0E77 /* TableCells */ = {
			isa = PBXGroup;
			children = (
				D0F6A30B27F96B850033DD71 /* ChannelTableCell */,
			);
			path = TableCells;
			sourceTree = "<group>";
		};
		D084C21027F9AAA4007A0E77 /* CollectionCells */ = {
			isa = PBXGroup;
			children = (
				D0AEF5A327FA174D002978FE /* CategoryCollectionViewCell */,
				D084C20927F9A5AF007A0E77 /* CourseCollectionViewCell */,
			);
			path = CollectionCells;
			sourceTree = "<group>";
		};
		D0AEF5A327FA174D002978FE /* CategoryCollectionViewCell */ = {
			isa = PBXGroup;
			children = (
				D0AEF5A427FA17BC002978FE /* CategoryCollectionViewCell.swift */,
				D0AEF5A527FA17BC002978FE /* CategoryCollectionViewCell.xib */,
			);
			path = CategoryCollectionViewCell;
			sourceTree = "<group>";
		};
		D0B01EC127F95D3600E2837F = {
			isa = PBXGroup;
			children = (
				D0B01ECC27F95D3600E2837F /* MindValley */,
				D0B01EE327F95D3800E2837F /* MindValleyTests */,
				D0B01EED27F95D3800E2837F /* MindValleyUITests */,
				D0B01ECB27F95D3600E2837F /* Products */,
				E9D275FADA2112C2A2B29DD8 /* Pods */,
				B6955DA90EFF91932E460C86 /* Frameworks */,
			);
			sourceTree = "<group>";
		};
		D0B01ECB27F95D3600E2837F /* Products */ = {
			isa = PBXGroup;
			children = (
				D0B01ECA27F95D3600E2837F /* MindValley.app */,
				D0B01EE027F95D3800E2837F /* MindValleyTests.xctest */,
				D0B01EEA27F95D3800E2837F /* MindValleyUITests.xctest */,
			);
			name = Products;
			sourceTree = "<group>";
		};
		D0B01ECC27F95D3600E2837F /* MindValley */ = {
			isa = PBXGroup;
			children = (
				D03E930727FA7DF100FDE588 /* Network */,
				D084C20627F98723007A0E77 /* Helpers */,
				D0F6A31327F984A20033DD71 /* Extensions */,
				D0B01F1827F968E600E2837F /* Resources */,
				D0B01F0F27F9618100E2837F /* Base */,
				D0B01EFD27F95F9400E2837F /* ChannelsViewController */,
				D0B01ECD27F95D3600E2837F /* AppDelegate.swift */,
				D0B01ECF27F95D3600E2837F /* SceneDelegate.swift */,
				D0B01ED627F95D3800E2837F /* Assets.xcassets */,
				D0B01ED827F95D3800E2837F /* LaunchScreen.storyboard */,
				D0B01EDB27F95D3800E2837F /* Info.plist */,
			);
			path = MindValley;
			sourceTree = "<group>";
		};
		D0B01EE327F95D3800E2837F /* MindValleyTests */ = {
			isa = PBXGroup;
			children = (
				D0B01EE427F95D3800E2837F /* MindValleyTests.swift */,
			);
			path = MindValleyTests;
			sourceTree = "<group>";
		};
		D0B01EED27F95D3800E2837F /* MindValleyUITests */ = {
			isa = PBXGroup;
			children = (
				D0B01EEE27F95D3800E2837F /* MindValleyUITests.swift */,
				D0B01EF027F95D3800E2837F /* MindValleyUITestsLaunchTests.swift */,
			);
			path = MindValleyUITests;
			sourceTree = "<group>";
		};
		D0B01EFD27F95F9400E2837F /* ChannelsViewController */ = {
			isa = PBXGroup;
			children = (
				D0B01F0527F9602400E2837F /* Interactor */,
				D0B01F0427F9600100E2837F /* Router */,
				D0B01F0327F95FF700E2837F /* Protocols */,
				D0B01F0227F95FF200E2837F /* Builder */,
				D0B01F0627F9602900E2837F /* Presenter */,
				D0B01F0127F95FEB00E2837F /* Entity */,
				D0B01EFE27F95FCB00E2837F /* View */,
			);
			path = ChannelsViewController;
			sourceTree = "<group>";
		};
		D0B01EFE27F95FCB00E2837F /* View */ = {
			isa = PBXGroup;
			children = (
				D084C20E27F9AA98007A0E77 /* Cells */,
				D0F6A31027F979660033DD71 /* DataSources */,
				D0B01ED127F95D3600E2837F /* ChannelsViewController.swift */,
				D0B01ED327F95D3600E2837F /* Main.storyboard */,
			);
			path = View;
			sourceTree = "<group>";
		};
		D0B01F0127F95FEB00E2837F /* Entity */ = {
			isa = PBXGroup;
			children = (
				D03E930C27FA88BC00FDE588 /* EpisodesResponse.swift */,
				D03E931027FAA3E700FDE588 /* CategoriesResponse.swift */,
			);
			path = Entity;
			sourceTree = "<group>";
		};
		D0B01F0227F95FF200E2837F /* Builder */ = {
			isa = PBXGroup;
			children = (
				D0B01F1627F963A900E2837F /* ChannelsBuilder.swift */,
			);
			path = Builder;
			sourceTree = "<group>";
		};
		D0B01F0327F95FF700E2837F /* Protocols */ = {
			isa = PBXGroup;
			children = (
				D0B01F0727F9605400E2837F /* ChannelsProtocols.swift */,
			);
			path = Protocols;
			sourceTree = "<group>";
		};
		D0B01F0427F9600100E2837F /* Router */ = {
			isa = PBXGroup;
			children = (
				D0B01F0D27F9616400E2837F /* ChannelsRouter.swift */,
			);
			path = Router;
			sourceTree = "<group>";
		};
		D0B01F0527F9602400E2837F /* Interactor */ = {
			isa = PBXGroup;
			children = (
				D0B01F0B27F9613900E2837F /* ChannelsInteractor.swift */,
			);
			path = Interactor;
			sourceTree = "<group>";
		};
		D0B01F0627F9602900E2837F /* Presenter */ = {
			isa = PBXGroup;
			children = (
				D0B01F0927F960EA00E2837F /* ChannelsPresenter.swift */,
			);
			path = Presenter;
			sourceTree = "<group>";
		};
		D0B01F0F27F9618100E2837F /* Base */ = {
			isa = PBXGroup;
			children = (
				D0B01F1027F9623E00E2837F /* BasePresenter.swift */,
				D0B01F1427F962F300E2837F /* BaseViewController.swift */,
			);
			path = Base;
			sourceTree = "<group>";
		};
		D0B01F1827F968E600E2837F /* Resources */ = {
			isa = PBXGroup;
			children = (
				D0B01F1927F9690400E2837F /* Roboto-Black.ttf */,
			);
			path = Resources;
			sourceTree = "<group>";
		};
		D0F6A30B27F96B850033DD71 /* ChannelTableCell */ = {
			isa = PBXGroup;
			children = (
				D0F6A30C27F96BAF0033DD71 /* ChannelTableViewCell.swift */,
				D0F6A30D27F96BAF0033DD71 /* ChannelTableViewCell.xib */,
			);
			path = ChannelTableCell;
			sourceTree = "<group>";
		};
		D0F6A31027F979660033DD71 /* DataSources */ = {
			isa = PBXGroup;
			children = (
				D0216DBB27F9AD0A00072478 /* CourseCollectionCellDataSource.swift */,
				D0F6A31127F979710033DD71 /* ChannelTableViewCellDataSource.swift */,
				D0AEF5A827FA1B26002978FE /* CategoryCollectionDataSource.swift */,
			);
			path = DataSources;
			sourceTree = "<group>";
		};
		D0F6A31327F984A20033DD71 /* Extensions */ = {
			isa = PBXGroup;
			children = (
				D0F6A31427F984AD0033DD71 /* UIView+Extensions.swift */,
			);
			path = Extensions;
			sourceTree = "<group>";
		};
		E9D275FADA2112C2A2B29DD8 /* Pods */ = {
			isa = PBXGroup;
			children = (
				7A020EDC8BD24DAFAAEB8FD1 /* Pods-MindValley.debug.xcconfig */,
				81A1400BB10FE332879E4D1F /* Pods-MindValley.release.xcconfig */,
			);
			path = Pods;
			sourceTree = "<group>";
		};
/* End PBXGroup section */

/* Begin PBXNativeTarget section */
		D0B01EC927F95D3600E2837F /* MindValley */ = {
			isa = PBXNativeTarget;
			buildConfigurationList = D0B01EF427F95D3800E2837F /* Build configuration list for PBXNativeTarget "MindValley" */;
			buildPhases = (
				C5C2515E925F7084B9E83BC1 /* [CP] Check Pods Manifest.lock */,
				D0B01EC627F95D3600E2837F /* Sources */,
				D0B01EC727F95D3600E2837F /* Frameworks */,
				D0B01EC827F95D3600E2837F /* Resources */,
				CA62AFDD4151B104BD1BFF41 /* [CP] Embed Pods Frameworks */,
			);
			buildRules = (
			);
			dependencies = (
			);
			name = MindValley;
			productName = MindValley;
			productReference = D0B01ECA27F95D3600E2837F /* MindValley.app */;
			productType = "com.apple.product-type.application";
		};
		D0B01EDF27F95D3800E2837F /* MindValleyTests */ = {
			isa = PBXNativeTarget;
			buildConfigurationList = D0B01EF727F95D3800E2837F /* Build configuration list for PBXNativeTarget "MindValleyTests" */;
			buildPhases = (
				D0B01EDC27F95D3800E2837F /* Sources */,
				D0B01EDD27F95D3800E2837F /* Frameworks */,
				D0B01EDE27F95D3800E2837F /* Resources */,
			);
			buildRules = (
			);
			dependencies = (
				D0B01EE227F95D3800E2837F /* PBXTargetDependency */,
			);
			name = MindValleyTests;
			productName = MindValleyTests;
			productReference = D0B01EE027F95D3800E2837F /* MindValleyTests.xctest */;
			productType = "com.apple.product-type.bundle.unit-test";
		};
		D0B01EE927F95D3800E2837F /* MindValleyUITests */ = {
			isa = PBXNativeTarget;
			buildConfigurationList = D0B01EFA27F95D3800E2837F /* Build configuration list for PBXNativeTarget "MindValleyUITests" */;
			buildPhases = (
				D0B01EE627F95D3800E2837F /* Sources */,
				D0B01EE727F95D3800E2837F /* Frameworks */,
				D0B01EE827F95D3800E2837F /* Resources */,
			);
			buildRules = (
			);
			dependencies = (
				D0B01EEC27F95D3800E2837F /* PBXTargetDependency */,
			);
			name = MindValleyUITests;
			productName = MindValleyUITests;
			productReference = D0B01EEA27F95D3800E2837F /* MindValleyUITests.xctest */;
			productType = "com.apple.product-type.bundle.ui-testing";
		};
/* End PBXNativeTarget section */

/* Begin PBXProject section */
		D0B01EC227F95D3600E2837F /* Project object */ = {
			isa = PBXProject;
			attributes = {
				BuildIndependentTargetsInParallel = 1;
				LastSwiftUpdateCheck = 1310;
				LastUpgradeCheck = 1310;
				TargetAttributes = {
					D0B01EC927F95D3600E2837F = {
						CreatedOnToolsVersion = 13.1;
					};
					D0B01EDF27F95D3800E2837F = {
						CreatedOnToolsVersion = 13.1;
						TestTargetID = D0B01EC927F95D3600E2837F;
					};
					D0B01EE927F95D3800E2837F = {
						CreatedOnToolsVersion = 13.1;
						TestTargetID = D0B01EC927F95D3600E2837F;
					};
				};
			};
			buildConfigurationList = D0B01EC527F95D3600E2837F /* Build configuration list for PBXProject "MindValley" */;
			compatibilityVersion = "Xcode 13.0";
			developmentRegion = en;
			hasScannedForEncodings = 0;
			knownRegions = (
				en,
				Base,
			);
			mainGroup = D0B01EC127F95D3600E2837F;
			productRefGroup = D0B01ECB27F95D3600E2837F /* Products */;
			projectDirPath = "";
			projectRoot = "";
			targets = (
				D0B01EC927F95D3600E2837F /* MindValley */,
				D0B01EDF27F95D3800E2837F /* MindValleyTests */,
				D0B01EE927F95D3800E2837F /* MindValleyUITests */,
			);
		};
/* End PBXProject section */

/* Begin PBXResourcesBuildPhase section */
		D0B01EC827F95D3600E2837F /* Resources */ = {
			isa = PBXResourcesBuildPhase;
			buildActionMask = 2147483647;
			files = (
				D0F6A30F27F96BAF0033DD71 /* ChannelTableViewCell.xib in Resources */,
				D0AEF5A727FA17BC002978FE /* CategoryCollectionViewCell.xib in Resources */,
				D084C20D27F9A5C8007A0E77 /* CoursesCollectionViewCell.xib in Resources */,
				D0B01EDA27F95D3800E2837F /* LaunchScreen.storyboard in Resources */,
				D0B01ED727F95D3800E2837F /* Assets.xcassets in Resources */,
				D0B01ED527F95D3600E2837F /* Main.storyboard in Resources */,
				D0B01F1A27F9690400E2837F /* Roboto-Black.ttf in Resources */,
			);
			runOnlyForDeploymentPostprocessing = 0;
		};
		D0B01EDE27F95D3800E2837F /* Resources */ = {
			isa = PBXResourcesBuildPhase;
			buildActionMask = 2147483647;
			files = (
			);
			runOnlyForDeploymentPostprocessing = 0;
		};
		D0B01EE827F95D3800E2837F /* Resources */ = {
			isa = PBXResourcesBuildPhase;
			buildActionMask = 2147483647;
			files = (
			);
			runOnlyForDeploymentPostprocessing = 0;
		};
/* End PBXResourcesBuildPhase section */

/* Begin PBXShellScriptBuildPhase section */
		C5C2515E925F7084B9E83BC1 /* [CP] Check Pods Manifest.lock */ = {
			isa = PBXShellScriptBuildPhase;
			buildActionMask = 2147483647;
			files = (
			);
			inputFileListPaths = (
			);
			inputPaths = (
				"${PODS_PODFILE_DIR_PATH}/Podfile.lock",
				"${PODS_ROOT}/Manifest.lock",
			);
			name = "[CP] Check Pods Manifest.lock";
			outputFileListPaths = (
			);
			outputPaths = (
				"$(DERIVED_FILE_DIR)/Pods-MindValley-checkManifestLockResult.txt",
			);
			runOnlyForDeploymentPostprocessing = 0;
			shellPath = /bin/sh;
			shellScript = "diff \"${PODS_PODFILE_DIR_PATH}/Podfile.lock\" \"${PODS_ROOT}/Manifest.lock\" > /dev/null\nif [ $? != 0 ] ; then\n    # print error to STDERR\n    echo \"error: The sandbox is not in sync with the Podfile.lock. Run 'pod install' or update your CocoaPods installation.\" >&2\n    exit 1\nfi\n# This output is used by Xcode 'outputs' to avoid re-running this script phase.\necho \"SUCCESS\" > \"${SCRIPT_OUTPUT_FILE_0}\"\n";
			showEnvVarsInLog = 0;
		};
		CA62AFDD4151B104BD1BFF41 /* [CP] Embed Pods Frameworks */ = {
			isa = PBXShellScriptBuildPhase;
			buildActionMask = 2147483647;
			files = (
			);
			inputFileListPaths = (
				"${PODS_ROOT}/Target Support Files/Pods-MindValley/Pods-MindValley-frameworks-${CONFIGURATION}-input-files.xcfilelist",
			);
			name = "[CP] Embed Pods Frameworks";
			outputFileListPaths = (
				"${PODS_ROOT}/Target Support Files/Pods-MindValley/Pods-MindValley-frameworks-${CONFIGURATION}-output-files.xcfilelist",
			);
			runOnlyForDeploymentPostprocessing = 0;
			shellPath = /bin/sh;
			shellScript = "\"${PODS_ROOT}/Target Support Files/Pods-MindValley/Pods-MindValley-frameworks.sh\"\n";
			showEnvVarsInLog = 0;
		};
/* End PBXShellScriptBuildPhase section */

/* Begin PBXSourcesBuildPhase section */
		D0B01EC627F95D3600E2837F /* Sources */ = {
			isa = PBXSourcesBuildPhase;
			buildActionMask = 2147483647;
			files = (
				D0F6A31527F984AD0033DD71 /* UIView+Extensions.swift in Sources */,
				D0B01F0E27F9616400E2837F /* ChannelsRouter.swift in Sources */,
				D03E930D27FA88BC00FDE588 /* EpisodesResponse.swift in Sources */,
				D0F6A31227F979710033DD71 /* ChannelTableViewCellDataSource.swift in Sources */,
				D0B01F1727F963A900E2837F /* ChannelsBuilder.swift in Sources */,
				D0AEF5A627FA17BC002978FE /* CategoryCollectionViewCell.swift in Sources */,
				D0216DBC27F9AD0A00072478 /* CourseCollectionCellDataSource.swift in Sources */,
				D0B01F1127F9623E00E2837F /* BasePresenter.swift in Sources */,
				D084C20C27F9A5C7007A0E77 /* CoursesCollectionViewCell.swift in Sources */,
				D0B01ED227F95D3600E2837F /* ChannelsViewController.swift in Sources */,
				D0F6A30E27F96BAF0033DD71 /* ChannelTableViewCell.swift in Sources */,
				D0B01F0A27F960EA00E2837F /* ChannelsPresenter.swift in Sources */,
				D03E930927FA7E0F00FDE588 /* ApiManager.swift in Sources */,
				D0B01F1527F962F300E2837F /* BaseViewController.swift in Sources */,
				D084C20827F98730007A0E77 /* CircularImageView.swift in Sources */,
				D0B01ECE27F95D3600E2837F /* AppDelegate.swift in Sources */,
				D03E931127FAA3E700FDE588 /* CategoriesResponse.swift in Sources */,
				D0B01ED027F95D3600E2837F /* SceneDelegate.swift in Sources */,
				D0AEF5A927FA1B26002978FE /* CategoryCollectionDataSource.swift in Sources */,
				D0B01F0C27F9613900E2837F /* ChannelsInteractor.swift in Sources */,
				D0B01F0827F9605400E2837F /* ChannelsProtocols.swift in Sources */,
				D03E930B27FA86A500FDE588 /* ApiTarget.swift in Sources */,
			);
			runOnlyForDeploymentPostprocessing = 0;
		};
		D0B01EDC27F95D3800E2837F /* Sources */ = {
			isa = PBXSourcesBuildPhase;
			buildActionMask = 2147483647;
			files = (
				D0B01EE527F95D3800E2837F /* MindValleyTests.swift in Sources */,
			);
			runOnlyForDeploymentPostprocessing = 0;
		};
		D0B01EE627F95D3800E2837F /* Sources */ = {
			isa = PBXSourcesBuildPhase;
			buildActionMask = 2147483647;
			files = (
				D0B01EEF27F95D3800E2837F /* MindValleyUITests.swift in Sources */,
				D0B01EF127F95D3800E2837F /* MindValleyUITestsLaunchTests.swift in Sources */,
			);
			runOnlyForDeploymentPostprocessing = 0;
		};
/* End PBXSourcesBuildPhase section */

/* Begin PBXTargetDependency section */
		D0B01EE227F95D3800E2837F /* PBXTargetDependency */ = {
			isa = PBXTargetDependency;
			target = D0B01EC927F95D3600E2837F /* MindValley */;
			targetProxy = D0B01EE127F95D3800E2837F /* PBXContainerItemProxy */;
		};
		D0B01EEC27F95D3800E2837F /* PBXTargetDependency */ = {
			isa = PBXTargetDependency;
			target = D0B01EC927F95D3600E2837F /* MindValley */;
			targetProxy = D0B01EEB27F95D3800E2837F /* PBXContainerItemProxy */;
		};
/* End PBXTargetDependency section */

/* Begin PBXVariantGroup section */
		D0B01ED327F95D3600E2837F /* Main.storyboard */ = {
			isa = PBXVariantGroup;
			children = (
				D0B01ED427F95D3600E2837F /* Base */,
			);
			name = Main.storyboard;
			sourceTree = "<group>";
		};
		D0B01ED827F95D3800E2837F /* LaunchScreen.storyboard */ = {
			isa = PBXVariantGroup;
			children = (
				D0B01ED927F95D3800E2837F /* Base */,
			);
			name = LaunchScreen.storyboard;
			sourceTree = "<group>";
		};
/* End PBXVariantGroup section */

/* Begin XCBuildConfiguration section */
		D0B01EF227F95D3800E2837F /* Debug */ = {
			isa = XCBuildConfiguration;
			buildSettings = {
				ALWAYS_SEARCH_USER_PATHS = NO;
				CLANG_ANALYZER_NONNULL = YES;
				CLANG_ANALYZER_NUMBER_OBJECT_CONVERSION = YES_AGGRESSIVE;
				CLANG_CXX_LANGUAGE_STANDARD = "gnu++17";
				CLANG_CXX_LIBRARY = "libc++";
				CLANG_ENABLE_MODULES = YES;
				CLANG_ENABLE_OBJC_ARC = YES;
				CLANG_ENABLE_OBJC_WEAK = YES;
				CLANG_WARN_BLOCK_CAPTURE_AUTORELEASING = YES;
				CLANG_WARN_BOOL_CONVERSION = YES;
				CLANG_WARN_COMMA = YES;
				CLANG_WARN_CONSTANT_CONVERSION = YES;
				CLANG_WARN_DEPRECATED_OBJC_IMPLEMENTATIONS = YES;
				CLANG_WARN_DIRECT_OBJC_ISA_USAGE = YES_ERROR;
				CLANG_WARN_DOCUMENTATION_COMMENTS = YES;
				CLANG_WARN_EMPTY_BODY = YES;
				CLANG_WARN_ENUM_CONVERSION = YES;
				CLANG_WARN_INFINITE_RECURSION = YES;
				CLANG_WARN_INT_CONVERSION = YES;
				CLANG_WARN_NON_LITERAL_NULL_CONVERSION = YES;
				CLANG_WARN_OBJC_IMPLICIT_RETAIN_SELF = YES;
				CLANG_WARN_OBJC_LITERAL_CONVERSION = YES;
				CLANG_WARN_OBJC_ROOT_CLASS = YES_ERROR;
				CLANG_WARN_QUOTED_INCLUDE_IN_FRAMEWORK_HEADER = YES;
				CLANG_WARN_RANGE_LOOP_ANALYSIS = YES;
				CLANG_WARN_STRICT_PROTOTYPES = YES;
				CLANG_WARN_SUSPICIOUS_MOVE = YES;
				CLANG_WARN_UNGUARDED_AVAILABILITY = YES_AGGRESSIVE;
				CLANG_WARN_UNREACHABLE_CODE = YES;
				CLANG_WARN__DUPLICATE_METHOD_MATCH = YES;
				COPY_PHASE_STRIP = NO;
				DEBUG_INFORMATION_FORMAT = dwarf;
				ENABLE_STRICT_OBJC_MSGSEND = YES;
				ENABLE_TESTABILITY = YES;
				GCC_C_LANGUAGE_STANDARD = gnu11;
				GCC_DYNAMIC_NO_PIC = NO;
				GCC_NO_COMMON_BLOCKS = YES;
				GCC_OPTIMIZATION_LEVEL = 0;
				GCC_PREPROCESSOR_DEFINITIONS = (
					"DEBUG=1",
					"$(inherited)",
				);
				GCC_WARN_64_TO_32_BIT_CONVERSION = YES;
				GCC_WARN_ABOUT_RETURN_TYPE = YES_ERROR;
				GCC_WARN_UNDECLARED_SELECTOR = YES;
				GCC_WARN_UNINITIALIZED_AUTOS = YES_AGGRESSIVE;
				GCC_WARN_UNUSED_FUNCTION = YES;
				GCC_WARN_UNUSED_VARIABLE = YES;
				IPHONEOS_DEPLOYMENT_TARGET = 15.0;
				MTL_ENABLE_DEBUG_INFO = INCLUDE_SOURCE;
				MTL_FAST_MATH = YES;
				ONLY_ACTIVE_ARCH = YES;
				SDKROOT = iphoneos;
				SWIFT_ACTIVE_COMPILATION_CONDITIONS = DEBUG;
				SWIFT_OPTIMIZATION_LEVEL = "-Onone";
			};
			name = Debug;
		};
		D0B01EF327F95D3800E2837F /* Release */ = {
			isa = XCBuildConfiguration;
			buildSettings = {
				ALWAYS_SEARCH_USER_PATHS = NO;
				CLANG_ANALYZER_NONNULL = YES;
				CLANG_ANALYZER_NUMBER_OBJECT_CONVERSION = YES_AGGRESSIVE;
				CLANG_CXX_LANGUAGE_STANDARD = "gnu++17";
				CLANG_CXX_LIBRARY = "libc++";
				CLANG_ENABLE_MODULES = YES;
				CLANG_ENABLE_OBJC_ARC = YES;
				CLANG_ENABLE_OBJC_WEAK = YES;
				CLANG_WARN_BLOCK_CAPTURE_AUTORELEASING = YES;
				CLANG_WARN_BOOL_CONVERSION = YES;
				CLANG_WARN_COMMA = YES;
				CLANG_WARN_CONSTANT_CONVERSION = YES;
				CLANG_WARN_DEPRECATED_OBJC_IMPLEMENTATIONS = YES;
				CLANG_WARN_DIRECT_OBJC_ISA_USAGE = YES_ERROR;
				CLANG_WARN_DOCUMENTATION_COMMENTS = YES;
				CLANG_WARN_EMPTY_BODY = YES;
				CLANG_WARN_ENUM_CONVERSION = YES;
				CLANG_WARN_INFINITE_RECURSION = YES;
				CLANG_WARN_INT_CONVERSION = YES;
				CLANG_WARN_NON_LITERAL_NULL_CONVERSION = YES;
				CLANG_WARN_OBJC_IMPLICIT_RETAIN_SELF = YES;
				CLANG_WARN_OBJC_LITERAL_CONVERSION = YES;
				CLANG_WARN_OBJC_ROOT_CLASS = YES_ERROR;
				CLANG_WARN_QUOTED_INCLUDE_IN_FRAMEWORK_HEADER = YES;
				CLANG_WARN_RANGE_LOOP_ANALYSIS = YES;
				CLANG_WARN_STRICT_PROTOTYPES = YES;
				CLANG_WARN_SUSPICIOUS_MOVE = YES;
				CLANG_WARN_UNGUARDED_AVAILABILITY = YES_AGGRESSIVE;
				CLANG_WARN_UNREACHABLE_CODE = YES;
				CLANG_WARN__DUPLICATE_METHOD_MATCH = YES;
				COPY_PHASE_STRIP = NO;
				DEBUG_INFORMATION_FORMAT = "dwarf-with-dsym";
				ENABLE_NS_ASSERTIONS = NO;
				ENABLE_STRICT_OBJC_MSGSEND = YES;
				GCC_C_LANGUAGE_STANDARD = gnu11;
				GCC_NO_COMMON_BLOCKS = YES;
				GCC_WARN_64_TO_32_BIT_CONVERSION = YES;
				GCC_WARN_ABOUT_RETURN_TYPE = YES_ERROR;
				GCC_WARN_UNDECLARED_SELECTOR = YES;
				GCC_WARN_UNINITIALIZED_AUTOS = YES_AGGRESSIVE;
				GCC_WARN_UNUSED_FUNCTION = YES;
				GCC_WARN_UNUSED_VARIABLE = YES;
				IPHONEOS_DEPLOYMENT_TARGET = 15.0;
				MTL_ENABLE_DEBUG_INFO = NO;
				MTL_FAST_MATH = YES;
				SDKROOT = iphoneos;
				SWIFT_COMPILATION_MODE = wholemodule;
				SWIFT_OPTIMIZATION_LEVEL = "-O";
				VALIDATE_PRODUCT = YES;
			};
			name = Release;
		};
		D0B01EF527F95D3800E2837F /* Debug */ = {
			isa = XCBuildConfiguration;
			baseConfigurationReference = 7A020EDC8BD24DAFAAEB8FD1 /* Pods-MindValley.debug.xcconfig */;
			buildSettings = {
				ASSETCATALOG_COMPILER_APPICON_NAME = AppIcon;
				ASSETCATALOG_COMPILER_GLOBAL_ACCENT_COLOR_NAME = AccentColor;
				CODE_SIGN_STYLE = Automatic;
				CURRENT_PROJECT_VERSION = 1;
				DEVELOPMENT_TEAM = RHBB3377R2;
				GENERATE_INFOPLIST_FILE = YES;
				INFOPLIST_FILE = MindValley/Info.plist;
				INFOPLIST_KEY_UIApplicationSupportsIndirectInputEvents = YES;
				INFOPLIST_KEY_UILaunchStoryboardName = LaunchScreen;
				INFOPLIST_KEY_UIMainStoryboardFile = Main;
				INFOPLIST_KEY_UISupportedInterfaceOrientations_iPad = "UIInterfaceOrientationPortrait UIInterfaceOrientationPortraitUpsideDown UIInterfaceOrientationLandscapeLeft UIInterfaceOrientationLandscapeRight";
				INFOPLIST_KEY_UISupportedInterfaceOrientations_iPhone = "UIInterfaceOrientationPortrait UIInterfaceOrientationLandscapeLeft UIInterfaceOrientationLandscapeRight";
				LD_RUNPATH_SEARCH_PATHS = (
					"$(inherited)",
					"@executable_path/Frameworks",
				);
				MARKETING_VERSION = 1.0;
				PRODUCT_BUNDLE_IDENTIFIER = mina.MindValley;
				PRODUCT_NAME = "$(TARGET_NAME)";
				SWIFT_EMIT_LOC_STRINGS = YES;
				SWIFT_VERSION = 5.0;
				TARGETED_DEVICE_FAMILY = "1,2";
			};
			name = Debug;
		};
		D0B01EF627F95D3800E2837F /* Release */ = {
			isa = XCBuildConfiguration;
			baseConfigurationReference = 81A1400BB10FE332879E4D1F /* Pods-MindValley.release.xcconfig */;
			buildSettings = {
				ASSETCATALOG_COMPILER_APPICON_NAME = AppIcon;
				ASSETCATALOG_COMPILER_GLOBAL_ACCENT_COLOR_NAME = AccentColor;
				CODE_SIGN_STYLE = Automatic;
				CURRENT_PROJECT_VERSION = 1;
				DEVELOPMENT_TEAM = RHBB3377R2;
				GENERATE_INFOPLIST_FILE = YES;
				INFOPLIST_FILE = MindValley/Info.plist;
				INFOPLIST_KEY_UIApplicationSupportsIndirectInputEvents = YES;
				INFOPLIST_KEY_UILaunchStoryboardName = LaunchScreen;
				INFOPLIST_KEY_UIMainStoryboardFile = Main;
				INFOPLIST_KEY_UISupportedInterfaceOrientations_iPad = "UIInterfaceOrientationPortrait UIInterfaceOrientationPortraitUpsideDown UIInterfaceOrientationLandscapeLeft UIInterfaceOrientationLandscapeRight";
				INFOPLIST_KEY_UISupportedInterfaceOrientations_iPhone = "UIInterfaceOrientationPortrait UIInterfaceOrientationLandscapeLeft UIInterfaceOrientationLandscapeRight";
				LD_RUNPATH_SEARCH_PATHS = (
					"$(inherited)",
					"@executable_path/Frameworks",
				);
				MARKETING_VERSION = 1.0;
				PRODUCT_BUNDLE_IDENTIFIER = mina.MindValley;
				PRODUCT_NAME = "$(TARGET_NAME)";
				SWIFT_EMIT_LOC_STRINGS = YES;
				SWIFT_VERSION = 5.0;
				TARGETED_DEVICE_FAMILY = "1,2";
			};
			name = Release;
		};
		D0B01EF827F95D3800E2837F /* Debug */ = {
			isa = XCBuildConfiguration;
			buildSettings = {
				ALWAYS_EMBED_SWIFT_STANDARD_LIBRARIES = YES;
				BUNDLE_LOADER = "$(TEST_HOST)";
				CODE_SIGN_STYLE = Automatic;
				CURRENT_PROJECT_VERSION = 1;
				DEVELOPMENT_TEAM = RHBB3377R2;
				GENERATE_INFOPLIST_FILE = YES;
				IPHONEOS_DEPLOYMENT_TARGET = 15.0;
				LD_RUNPATH_SEARCH_PATHS = (
					"$(inherited)",
					"@executable_path/Frameworks",
					"@loader_path/Frameworks",
				);
				MARKETING_VERSION = 1.0;
				PRODUCT_BUNDLE_IDENTIFIER = mina.MindValleyTests;
				PRODUCT_NAME = "$(TARGET_NAME)";
				SWIFT_EMIT_LOC_STRINGS = NO;
				SWIFT_VERSION = 5.0;
				TARGETED_DEVICE_FAMILY = "1,2";
				TEST_HOST = "$(BUILT_PRODUCTS_DIR)/MindValley.app/MindValley";
			};
			name = Debug;
		};
		D0B01EF927F95D3800E2837F /* Release */ = {
			isa = XCBuildConfiguration;
			buildSettings = {
				ALWAYS_EMBED_SWIFT_STANDARD_LIBRARIES = YES;
				BUNDLE_LOADER = "$(TEST_HOST)";
				CODE_SIGN_STYLE = Automatic;
				CURRENT_PROJECT_VERSION = 1;
				DEVELOPMENT_TEAM = RHBB3377R2;
				GENERATE_INFOPLIST_FILE = YES;
				IPHONEOS_DEPLOYMENT_TARGET = 15.0;
				LD_RUNPATH_SEARCH_PATHS = (
					"$(inherited)",
					"@executable_path/Frameworks",
					"@loader_path/Frameworks",
				);
				MARKETING_VERSION = 1.0;
				PRODUCT_BUNDLE_IDENTIFIER = mina.MindValleyTests;
				PRODUCT_NAME = "$(TARGET_NAME)";
				SWIFT_EMIT_LOC_STRINGS = NO;
				SWIFT_VERSION = 5.0;
				TARGETED_DEVICE_FAMILY = "1,2";
				TEST_HOST = "$(BUILT_PRODUCTS_DIR)/MindValley.app/MindValley";
			};
			name = Release;
		};
		D0B01EFB27F95D3800E2837F /* Debug */ = {
			isa = XCBuildConfiguration;
			buildSettings = {
				ALWAYS_EMBED_SWIFT_STANDARD_LIBRARIES = YES;
				CODE_SIGN_STYLE = Automatic;
				CURRENT_PROJECT_VERSION = 1;
				DEVELOPMENT_TEAM = RHBB3377R2;
				GENERATE_INFOPLIST_FILE = YES;
				LD_RUNPATH_SEARCH_PATHS = (
					"$(inherited)",
					"@executable_path/Frameworks",
					"@loader_path/Frameworks",
				);
				MARKETING_VERSION = 1.0;
				PRODUCT_BUNDLE_IDENTIFIER = mina.MindValleyUITests;
				PRODUCT_NAME = "$(TARGET_NAME)";
				SWIFT_EMIT_LOC_STRINGS = NO;
				SWIFT_VERSION = 5.0;
				TARGETED_DEVICE_FAMILY = "1,2";
				TEST_TARGET_NAME = MindValley;
			};
			name = Debug;
		};
		D0B01EFC27F95D3800E2837F /* Release */ = {
			isa = XCBuildConfiguration;
			buildSettings = {
				ALWAYS_EMBED_SWIFT_STANDARD_LIBRARIES = YES;
				CODE_SIGN_STYLE = Automatic;
				CURRENT_PROJECT_VERSION = 1;
				DEVELOPMENT_TEAM = RHBB3377R2;
				GENERATE_INFOPLIST_FILE = YES;
				LD_RUNPATH_SEARCH_PATHS = (
					"$(inherited)",
					"@executable_path/Frameworks",
					"@loader_path/Frameworks",
				);
				MARKETING_VERSION = 1.0;
				PRODUCT_BUNDLE_IDENTIFIER = mina.MindValleyUITests;
				PRODUCT_NAME = "$(TARGET_NAME)";
				SWIFT_EMIT_LOC_STRINGS = NO;
				SWIFT_VERSION = 5.0;
				TARGETED_DEVICE_FAMILY = "1,2";
				TEST_TARGET_NAME = MindValley;
			};
			name = Release;
		};
/* End XCBuildConfiguration section */

/* Begin XCConfigurationList section */
		D0B01EC527F95D3600E2837F /* Build configuration list for PBXProject "MindValley" */ = {
			isa = XCConfigurationList;
			buildConfigurations = (
				D0B01EF227F95D3800E2837F /* Debug */,
				D0B01EF327F95D3800E2837F /* Release */,
			);
			defaultConfigurationIsVisible = 0;
			defaultConfigurationName = Release;
		};
		D0B01EF427F95D3800E2837F /* Build configuration list for PBXNativeTarget "MindValley" */ = {
			isa = XCConfigurationList;
			buildConfigurations = (
				D0B01EF527F95D3800E2837F /* Debug */,
				D0B01EF627F95D3800E2837F /* Release */,
			);
			defaultConfigurationIsVisible = 0;
			defaultConfigurationName = Release;
		};
		D0B01EF727F95D3800E2837F /* Build configuration list for PBXNativeTarget "MindValleyTests" */ = {
			isa = XCConfigurationList;
			buildConfigurations = (
				D0B01EF827F95D3800E2837F /* Debug */,
				D0B01EF927F95D3800E2837F /* Release */,
			);
			defaultConfigurationIsVisible = 0;
			defaultConfigurationName = Release;
		};
		D0B01EFA27F95D3800E2837F /* Build configuration list for PBXNativeTarget "MindValleyUITests" */ = {
			isa = XCConfigurationList;
			buildConfigurations = (
				D0B01EFB27F95D3800E2837F /* Debug */,
				D0B01EFC27F95D3800E2837F /* Release */,
			);
			defaultConfigurationIsVisible = 0;
			defaultConfigurationName = Release;
		};
/* End XCConfigurationList section */
	};
	rootObject = D0B01EC227F95D3600E2837F /* Project object */;
}
